// !$*UTF8*$!
{
	archiveVersion = 1;
	classes = {
	};
	objectVersion = 56;
	objects = {

/* Begin PBXBuildFile section */
		A728E019296DFF790075A82B /* Webservice.swift in Sources */ = {isa = PBXBuildFile; fileRef = A728E018296DFF790075A82B /* Webservice.swift */; };
		A728E01C296E08740075A82B /* PlacesModel.swift in Sources */ = {isa = PBXBuildFile; fileRef = A728E01B296E08740075A82B /* PlacesModel.swift */; };
		A728E01F296E3A020075A82B /* FourSquareUrlOptionModels.swift in Sources */ = {isa = PBXBuildFile; fileRef = A728E01E296E3A020075A82B /* FourSquareUrlOptionModels.swift */; };
		A783E3EE296CCBF700C1B79E /* TabBarController.swift in Sources */ = {isa = PBXBuildFile; fileRef = A783E3ED296CCBF700C1B79E /* TabBarController.swift */; };
		A793423D296CD0BA00DF863D /* HomeView.swift in Sources */ = {isa = PBXBuildFile; fileRef = A793423C296CD0BA00DF863D /* HomeView.swift */; };
		A7934240296CFD0500DF863D /* PreferencesViewController.swift in Sources */ = {isa = PBXBuildFile; fileRef = A793423F296CFD0500DF863D /* PreferencesViewController.swift */; };
		A7934242296CFD4600DF863D /* PreferencesView.swift in Sources */ = {isa = PBXBuildFile; fileRef = A7934241296CFD4600DF863D /* PreferencesView.swift */; };
		A7934248296D316000DF863D /* MapViewController.swift in Sources */ = {isa = PBXBuildFile; fileRef = A7934247296D316000DF863D /* MapViewController.swift */; };
		A793424A296D317200DF863D /* MapView.swift in Sources */ = {isa = PBXBuildFile; fileRef = A7934249296D317200DF863D /* MapView.swift */; };
		A793424C296D624E00DF863D /* FavoritesView.swift in Sources */ = {isa = PBXBuildFile; fileRef = A793424B296D624E00DF863D /* FavoritesView.swift */; };
		A793424E296D626500DF863D /* FavoritesViewController.swift in Sources */ = {isa = PBXBuildFile; fileRef = A793424D296D626500DF863D /* FavoritesViewController.swift */; };
		A7934250296DA6D400DF863D /* RecommendationViewController.swift in Sources */ = {isa = PBXBuildFile; fileRef = A793424F296DA6D400DF863D /* RecommendationViewController.swift */; };
		A7934252296DA6EB00DF863D /* RecommendationView.swift in Sources */ = {isa = PBXBuildFile; fileRef = A7934251296DA6EB00DF863D /* RecommendationView.swift */; };
		A7C180B9296CC2150072E90C /* AppDelegate.swift in Sources */ = {isa = PBXBuildFile; fileRef = A7C180B8296CC2150072E90C /* AppDelegate.swift */; };
		A7C180BB296CC2150072E90C /* SceneDelegate.swift in Sources */ = {isa = PBXBuildFile; fileRef = A7C180BA296CC2150072E90C /* SceneDelegate.swift */; };
		A7C180BD296CC2150072E90C /* HomeViewController.swift in Sources */ = {isa = PBXBuildFile; fileRef = A7C180BC296CC2150072E90C /* HomeViewController.swift */; };
		A7C180C2296CC2170072E90C /* Assets.xcassets in Resources */ = {isa = PBXBuildFile; fileRef = A7C180C1296CC2170072E90C /* Assets.xcassets */; };
		A7C180C5296CC2170072E90C /* LaunchScreen.storyboard in Resources */ = {isa = PBXBuildFile; fileRef = A7C180C3296CC2170072E90C /* LaunchScreen.storyboard */; };
/* End PBXBuildFile section */

/* Begin PBXFileReference section */
		A728E018296DFF790075A82B /* Webservice.swift */ = {isa = PBXFileReference; lastKnownFileType = sourcecode.swift; path = Webservice.swift; sourceTree = "<group>"; };
		A728E01B296E08740075A82B /* PlacesModel.swift */ = {isa = PBXFileReference; lastKnownFileType = sourcecode.swift; path = PlacesModel.swift; sourceTree = "<group>"; };
		A728E01E296E3A020075A82B /* FourSquareUrlOptionModels.swift */ = {isa = PBXFileReference; lastKnownFileType = sourcecode.swift; path = FourSquareUrlOptionModels.swift; sourceTree = "<group>"; };
		A783E3ED296CCBF700C1B79E /* TabBarController.swift */ = {isa = PBXFileReference; lastKnownFileType = sourcecode.swift; path = TabBarController.swift; sourceTree = "<group>"; };
		A793423C296CD0BA00DF863D /* HomeView.swift */ = {isa = PBXFileReference; lastKnownFileType = sourcecode.swift; path = HomeView.swift; sourceTree = "<group>"; };
		A793423F296CFD0500DF863D /* PreferencesViewController.swift */ = {isa = PBXFileReference; lastKnownFileType = sourcecode.swift; path = PreferencesViewController.swift; sourceTree = "<group>"; };
		A7934241296CFD4600DF863D /* PreferencesView.swift */ = {isa = PBXFileReference; lastKnownFileType = sourcecode.swift; path = PreferencesView.swift; sourceTree = "<group>"; };
		A7934247296D316000DF863D /* MapViewController.swift */ = {isa = PBXFileReference; lastKnownFileType = sourcecode.swift; path = MapViewController.swift; sourceTree = "<group>"; };
		A7934249296D317200DF863D /* MapView.swift */ = {isa = PBXFileReference; lastKnownFileType = sourcecode.swift; path = MapView.swift; sourceTree = "<group>"; };
		A793424B296D624E00DF863D /* FavoritesView.swift */ = {isa = PBXFileReference; lastKnownFileType = sourcecode.swift; path = FavoritesView.swift; sourceTree = "<group>"; };
		A793424D296D626500DF863D /* FavoritesViewController.swift */ = {isa = PBXFileReference; lastKnownFileType = sourcecode.swift; path = FavoritesViewController.swift; sourceTree = "<group>"; };
		A793424F296DA6D400DF863D /* RecommendationViewController.swift */ = {isa = PBXFileReference; lastKnownFileType = sourcecode.swift; path = RecommendationViewController.swift; sourceTree = "<group>"; };
		A7934251296DA6EB00DF863D /* RecommendationView.swift */ = {isa = PBXFileReference; lastKnownFileType = sourcecode.swift; path = RecommendationView.swift; sourceTree = "<group>"; };
		A7C180B5296CC2150072E90C /* RealtorProject.app */ = {isa = PBXFileReference; explicitFileType = wrapper.application; includeInIndex = 0; path = RealtorProject.app; sourceTree = BUILT_PRODUCTS_DIR; };
		A7C180B8296CC2150072E90C /* AppDelegate.swift */ = {isa = PBXFileReference; lastKnownFileType = sourcecode.swift; path = AppDelegate.swift; sourceTree = "<group>"; };
		A7C180BA296CC2150072E90C /* SceneDelegate.swift */ = {isa = PBXFileReference; lastKnownFileType = sourcecode.swift; path = SceneDelegate.swift; sourceTree = "<group>"; };
		A7C180BC296CC2150072E90C /* HomeViewController.swift */ = {isa = PBXFileReference; lastKnownFileType = sourcecode.swift; path = HomeViewController.swift; sourceTree = "<group>"; };
		A7C180C1296CC2170072E90C /* Assets.xcassets */ = {isa = PBXFileReference; lastKnownFileType = folder.assetcatalog; path = Assets.xcassets; sourceTree = "<group>"; };
		A7C180C4296CC2170072E90C /* Base */ = {isa = PBXFileReference; lastKnownFileType = file.storyboard; name = Base; path = Base.lproj/LaunchScreen.storyboard; sourceTree = "<group>"; };
		A7C180C6296CC2170072E90C /* Info.plist */ = {isa = PBXFileReference; lastKnownFileType = text.plist.xml; path = Info.plist; sourceTree = "<group>"; };
/* End PBXFileReference section */

/* Begin PBXFrameworksBuildPhase section */
		A7C180B2296CC2150072E90C /* Frameworks */ = {
			isa = PBXFrameworksBuildPhase;
			buildActionMask = 2147483647;
			files = (
			);
			runOnlyForDeploymentPostprocessing = 0;
		};
/* End PBXFrameworksBuildPhase section */

/* Begin PBXGroup section */
		A728E01A296DFF840075A82B /* Webservice */ = {
			isa = PBXGroup;
			children = (
				A728E018296DFF790075A82B /* Webservice.swift */,
			);
			path = Webservice;
			sourceTree = "<group>";
		};
		A728E01D296E0AFA0075A82B /* Model */ = {
			isa = PBXGroup;
			children = (
				A728E01E296E3A020075A82B /* FourSquareUrlOptionModels.swift */,
				A728E01B296E08740075A82B /* PlacesModel.swift */,
			);
			path = Model;
			sourceTree = "<group>";
		};
		A783E3EF296CCC0200C1B79E /* Controllers */ = {
			isa = PBXGroup;
			children = (
				A783E3ED296CCBF700C1B79E /* TabBarController.swift */,
				A7C180BC296CC2150072E90C /* HomeViewController.swift */,
				A7934247296D316000DF863D /* MapViewController.swift */,
				A793424F296DA6D400DF863D /* RecommendationViewController.swift */,
				A793424D296D626500DF863D /* FavoritesViewController.swift */,
				A793423F296CFD0500DF863D /* PreferencesViewController.swift */,
			);
			path = Controllers;
			sourceTree = "<group>";
		};
		A793423E296CD0C000DF863D /* Views */ = {
			isa = PBXGroup;
			children = (
				A793423C296CD0BA00DF863D /* HomeView.swift */,
				A7934249296D317200DF863D /* MapView.swift */,
				A7934251296DA6EB00DF863D /* RecommendationView.swift */,
				A793424B296D624E00DF863D /* FavoritesView.swift */,
				A7934241296CFD4600DF863D /* PreferencesView.swift */,
			);
			path = Views;
			sourceTree = "<group>";
		};
		A7C180AC296CC2150072E90C = {
			isa = PBXGroup;
			children = (
				A7C180B7296CC2150072E90C /* RealtorProject */,
				A7C180B6296CC2150072E90C /* Products */,
			);
			sourceTree = "<group>";
		};
		A7C180B6296CC2150072E90C /* Products */ = {
			isa = PBXGroup;
			children = (
				A7C180B5296CC2150072E90C /* RealtorProject.app */,
			);
			name = Products;
			sourceTree = "<group>";
		};
		A7C180B7296CC2150072E90C /* RealtorProject */ = {
			isa = PBXGroup;
			children = (
				A728E01D296E0AFA0075A82B /* Model */,
				A728E01A296DFF840075A82B /* Webservice */,
				A7C180B8296CC2150072E90C /* AppDelegate.swift */,
				A7C180BA296CC2150072E90C /* SceneDelegate.swift */,
				A793423E296CD0C000DF863D /* Views */,
				A783E3EF296CCC0200C1B79E /* Controllers */,
				A7C180C1296CC2170072E90C /* Assets.xcassets */,
				A7C180C3296CC2170072E90C /* LaunchScreen.storyboard */,
				A7C180C6296CC2170072E90C /* Info.plist */,
			);
			path = RealtorProject;
			sourceTree = "<group>";
		};
/* End PBXGroup section */

/* Begin PBXNativeTarget section */
		A7C180B4296CC2150072E90C /* RealtorProject */ = {
			isa = PBXNativeTarget;
			buildConfigurationList = A7C180C9296CC2170072E90C /* Build configuration list for PBXNativeTarget "RealtorProject" */;
			buildPhases = (
				A7C180B1296CC2150072E90C /* Sources */,
				A7C180B2296CC2150072E90C /* Frameworks */,
				A7C180B3296CC2150072E90C /* Resources */,
			);
			buildRules = (
			);
			dependencies = (
			);
			name = RealtorProject;
			productName = RealtorProject;
			productReference = A7C180B5296CC2150072E90C /* RealtorProject.app */;
			productType = "com.apple.product-type.application";
		};
/* End PBXNativeTarget section */

/* Begin PBXProject section */
		A7C180AD296CC2150072E90C /* Project object */ = {
			isa = PBXProject;
			attributes = {
				BuildIndependentTargetsInParallel = 1;
				LastSwiftUpdateCheck = 1420;
				LastUpgradeCheck = 1420;
				TargetAttributes = {
					A7C180B4296CC2150072E90C = {
						CreatedOnToolsVersion = 14.2;
					};
				};
			};
			buildConfigurationList = A7C180B0296CC2150072E90C /* Build configuration list for PBXProject "RealtorProject" */;
			compatibilityVersion = "Xcode 14.0";
			developmentRegion = en;
			hasScannedForEncodings = 0;
			knownRegions = (
				en,
				Base,
			);
			mainGroup = A7C180AC296CC2150072E90C;
			productRefGroup = A7C180B6296CC2150072E90C /* Products */;
			projectDirPath = "";
			projectRoot = "";
			targets = (
				A7C180B4296CC2150072E90C /* RealtorProject */,
			);
		};
/* End PBXProject section */

/* Begin PBXResourcesBuildPhase section */
		A7C180B3296CC2150072E90C /* Resources */ = {
			isa = PBXResourcesBuildPhase;
			buildActionMask = 2147483647;
			files = (
				A7C180C5296CC2170072E90C /* LaunchScreen.storyboard in Resources */,
				A7C180C2296CC2170072E90C /* Assets.xcassets in Resources */,
			);
			runOnlyForDeploymentPostprocessing = 0;
		};
/* End PBXResourcesBuildPhase section */

/* Begin PBXSourcesBuildPhase section */
		A7C180B1296CC2150072E90C /* Sources */ = {
			isa = PBXSourcesBuildPhase;
			buildActionMask = 2147483647;
			files = (
				A793424C296D624E00DF863D /* FavoritesView.swift in Sources */,
				A793423D296CD0BA00DF863D /* HomeView.swift in Sources */,
				A7C180BD296CC2150072E90C /* HomeViewController.swift in Sources */,
				A783E3EE296CCBF700C1B79E /* TabBarController.swift in Sources */,
				A7C180B9296CC2150072E90C /* AppDelegate.swift in Sources */,
				A7934252296DA6EB00DF863D /* RecommendationView.swift in Sources */,
				A7C180BB296CC2150072E90C /* SceneDelegate.swift in Sources */,
				A728E01F296E3A020075A82B /* FourSquareUrlOptionModels.swift in Sources */,
				A793424E296D626500DF863D /* FavoritesViewController.swift in Sources */,
				A728E019296DFF790075A82B /* Webservice.swift in Sources */,
				A7934240296CFD0500DF863D /* PreferencesViewController.swift in Sources */,
				A7934242296CFD4600DF863D /* PreferencesView.swift in Sources */,
				A7934250296DA6D400DF863D /* RecommendationViewController.swift in Sources */,
				A793424A296D317200DF863D /* MapView.swift in Sources */,
				A7934248296D316000DF863D /* MapViewController.swift in Sources */,
				A728E01C296E08740075A82B /* PlacesModel.swift in Sources */,
			);
			runOnlyForDeploymentPostprocessing = 0;
		};
/* End PBXSourcesBuildPhase section */

/* Begin PBXVariantGroup section */
		A7C180C3296CC2170072E90C /* LaunchScreen.storyboard */ = {
			isa = PBXVariantGroup;
			children = (
				A7C180C4296CC2170072E90C /* Base */,
			);
			name = LaunchScreen.storyboard;
			sourceTree = "<group>";
		};
/* End PBXVariantGroup section */

/* Begin XCBuildConfiguration section */
		A7C180C7296CC2170072E90C /* Debug */ = {
			isa = XCBuildConfiguration;
			buildSettings = {
				ALWAYS_SEARCH_USER_PATHS = NO;
				CLANG_ANALYZER_NONNULL = YES;
				CLANG_ANALYZER_NUMBER_OBJECT_CONVERSION = YES_AGGRESSIVE;
				CLANG_CXX_LANGUAGE_STANDARD = "gnu++20";
				CLANG_ENABLE_MODULES = YES;
				CLANG_ENABLE_OBJC_ARC = YES;
				CLANG_ENABLE_OBJC_WEAK = YES;
				CLANG_WARN_BLOCK_CAPTURE_AUTORELEASING = YES;
				CLANG_WARN_BOOL_CONVERSION = YES;
				CLANG_WARN_COMMA = YES;
				CLANG_WARN_CONSTANT_CONVERSION = YES;
				CLANG_WARN_DEPRECATED_OBJC_IMPLEMENTATIONS = YES;
				CLANG_WARN_DIRECT_OBJC_ISA_USAGE = YES_ERROR;
				CLANG_WARN_DOCUMENTATION_COMMENTS = YES;
				CLANG_WARN_EMPTY_BODY = YES;
				CLANG_WARN_ENUM_CONVERSION = YES;
				CLANG_WARN_INFINITE_RECURSION = YES;
				CLANG_WARN_INT_CONVERSION = YES;
				CLANG_WARN_NON_LITERAL_NULL_CONVERSION = YES;
				CLANG_WARN_OBJC_IMPLICIT_RETAIN_SELF = YES;
				CLANG_WARN_OBJC_LITERAL_CONVERSION = YES;
				CLANG_WARN_OBJC_ROOT_CLASS = YES_ERROR;
				CLANG_WARN_QUOTED_INCLUDE_IN_FRAMEWORK_HEADER = YES;
				CLANG_WARN_RANGE_LOOP_ANALYSIS = YES;
				CLANG_WARN_STRICT_PROTOTYPES = YES;
				CLANG_WARN_SUSPICIOUS_MOVE = YES;
				CLANG_WARN_UNGUARDED_AVAILABILITY = YES_AGGRESSIVE;
				CLANG_WARN_UNREACHABLE_CODE = YES;
				CLANG_WARN__DUPLICATE_METHOD_MATCH = YES;
				COPY_PHASE_STRIP = NO;
				DEBUG_INFORMATION_FORMAT = dwarf;
				ENABLE_STRICT_OBJC_MSGSEND = YES;
				ENABLE_TESTABILITY = YES;
				GCC_C_LANGUAGE_STANDARD = gnu11;
				GCC_DYNAMIC_NO_PIC = NO;
				GCC_NO_COMMON_BLOCKS = YES;
				GCC_OPTIMIZATION_LEVEL = 0;
				GCC_PREPROCESSOR_DEFINITIONS = (
					"DEBUG=1",
					"$(inherited)",
				);
				GCC_WARN_64_TO_32_BIT_CONVERSION = YES;
				GCC_WARN_ABOUT_RETURN_TYPE = YES_ERROR;
				GCC_WARN_UNDECLARED_SELECTOR = YES;
				GCC_WARN_UNINITIALIZED_AUTOS = YES_AGGRESSIVE;
				GCC_WARN_UNUSED_FUNCTION = YES;
				GCC_WARN_UNUSED_VARIABLE = YES;
				IPHONEOS_DEPLOYMENT_TARGET = 16.2;
				MTL_ENABLE_DEBUG_INFO = INCLUDE_SOURCE;
				MTL_FAST_MATH = YES;
				ONLY_ACTIVE_ARCH = YES;
				SDKROOT = iphoneos;
				SWIFT_ACTIVE_COMPILATION_CONDITIONS = DEBUG;
				SWIFT_OPTIMIZATION_LEVEL = "-Onone";
			};
			name = Debug;
		};
		A7C180C8296CC2170072E90C /* Release */ = {
			isa = XCBuildConfiguration;
			buildSettings = {
				ALWAYS_SEARCH_USER_PATHS = NO;
				CLANG_ANALYZER_NONNULL = YES;
				CLANG_ANALYZER_NUMBER_OBJECT_CONVERSION = YES_AGGRESSIVE;
				CLANG_CXX_LANGUAGE_STANDARD = "gnu++20";
				CLANG_ENABLE_MODULES = YES;
				CLANG_ENABLE_OBJC_ARC = YES;
				CLANG_ENABLE_OBJC_WEAK = YES;
				CLANG_WARN_BLOCK_CAPTURE_AUTORELEASING = YES;
				CLANG_WARN_BOOL_CONVERSION = YES;
				CLANG_WARN_COMMA = YES;
				CLANG_WARN_CONSTANT_CONVERSION = YES;
				CLANG_WARN_DEPRECATED_OBJC_IMPLEMENTATIONS = YES;
				CLANG_WARN_DIRECT_OBJC_ISA_USAGE = YES_ERROR;
				CLANG_WARN_DOCUMENTATION_COMMENTS = YES;
				CLANG_WARN_EMPTY_BODY = YES;
				CLANG_WARN_ENUM_CONVERSION = YES;
				CLANG_WARN_INFINITE_RECURSION = YES;
				CLANG_WARN_INT_CONVERSION = YES;
				CLANG_WARN_NON_LITERAL_NULL_CONVERSION = YES;
				CLANG_WARN_OBJC_IMPLICIT_RETAIN_SELF = YES;
				CLANG_WARN_OBJC_LITERAL_CONVERSION = YES;
				CLANG_WARN_OBJC_ROOT_CLASS = YES_ERROR;
				CLANG_WARN_QUOTED_INCLUDE_IN_FRAMEWORK_HEADER = YES;
				CLANG_WARN_RANGE_LOOP_ANALYSIS = YES;
				CLANG_WARN_STRICT_PROTOTYPES = YES;
				CLANG_WARN_SUSPICIOUS_MOVE = YES;
				CLANG_WARN_UNGUARDED_AVAILABILITY = YES_AGGRESSIVE;
				CLANG_WARN_UNREACHABLE_CODE = YES;
				CLANG_WARN__DUPLICATE_METHOD_MATCH = YES;
				COPY_PHASE_STRIP = NO;
				DEBUG_INFORMATION_FORMAT = "dwarf-with-dsym";
				ENABLE_NS_ASSERTIONS = NO;
				ENABLE_STRICT_OBJC_MSGSEND = YES;
				GCC_C_LANGUAGE_STANDARD = gnu11;
				GCC_NO_COMMON_BLOCKS = YES;
				GCC_WARN_64_TO_32_BIT_CONVERSION = YES;
				GCC_WARN_ABOUT_RETURN_TYPE = YES_ERROR;
				GCC_WARN_UNDECLARED_SELECTOR = YES;
				GCC_WARN_UNINITIALIZED_AUTOS = YES_AGGRESSIVE;
				GCC_WARN_UNUSED_FUNCTION = YES;
				GCC_WARN_UNUSED_VARIABLE = YES;
				IPHONEOS_DEPLOYMENT_TARGET = 16.2;
				MTL_ENABLE_DEBUG_INFO = NO;
				MTL_FAST_MATH = YES;
				SDKROOT = iphoneos;
				SWIFT_COMPILATION_MODE = wholemodule;
				SWIFT_OPTIMIZATION_LEVEL = "-O";
				VALIDATE_PRODUCT = YES;
			};
			name = Release;
		};
		A7C180CA296CC2170072E90C /* Debug */ = {
			isa = XCBuildConfiguration;
			buildSettings = {
				ASSETCATALOG_COMPILER_APPICON_NAME = AppIcon;
				ASSETCATALOG_COMPILER_GLOBAL_ACCENT_COLOR_NAME = AccentColor;
				CODE_SIGN_STYLE = Automatic;
				CURRENT_PROJECT_VERSION = 1;
				DEVELOPMENT_TEAM = Z3U36VHFYU;
				GENERATE_INFOPLIST_FILE = YES;
				INFOPLIST_FILE = RealtorProject/Info.plist;
				INFOPLIST_KEY_UIApplicationSupportsIndirectInputEvents = YES;
				INFOPLIST_KEY_UILaunchStoryboardName = LaunchScreen;
				INFOPLIST_KEY_UISupportedInterfaceOrientations_iPad = "UIInterfaceOrientationPortrait UIInterfaceOrientationPortraitUpsideDown UIInterfaceOrientationLandscapeLeft UIInterfaceOrientationLandscapeRight";
				INFOPLIST_KEY_UISupportedInterfaceOrientations_iPhone = "UIInterfaceOrientationPortrait UIInterfaceOrientationLandscapeLeft UIInterfaceOrientationLandscapeRight";
				LD_RUNPATH_SEARCH_PATHS = (
					"$(inherited)",
					"@executable_path/Frameworks",
				);
				MARKETING_VERSION = 1.0;
				PRODUCT_BUNDLE_IDENTIFIER = com.example.Oliver.RealtorProject;
				PRODUCT_NAME = "$(TARGET_NAME)";
				SWIFT_EMIT_LOC_STRINGS = YES;
				SWIFT_VERSION = 5.0;
				TARGETED_DEVICE_FAMILY = "1,2";
			};
			name = Debug;
		};
		A7C180CB296CC2170072E90C /* Release */ = {
			isa = XCBuildConfiguration;
			buildSettings = {
				ASSETCATALOG_COMPILER_APPICON_NAME = AppIcon;
				ASSETCATALOG_COMPILER_GLOBAL_ACCENT_COLOR_NAME = AccentColor;
				CODE_SIGN_STYLE = Automatic;
				CURRENT_PROJECT_VERSION = 1;
				DEVELOPMENT_TEAM = Z3U36VHFYU;
				GENERATE_INFOPLIST_FILE = YES;
				INFOPLIST_FILE = RealtorProject/Info.plist;
				INFOPLIST_KEY_UIApplicationSupportsIndirectInputEvents = YES;
				INFOPLIST_KEY_UILaunchStoryboardName = LaunchScreen;
				INFOPLIST_KEY_UISupportedInterfaceOrientations_iPad = "UIInterfaceOrientationPortrait UIInterfaceOrientationPortraitUpsideDown UIInterfaceOrientationLandscapeLeft UIInterfaceOrientationLandscapeRight";
				INFOPLIST_KEY_UISupportedInterfaceOrientations_iPhone = "UIInterfaceOrientationPortrait UIInterfaceOrientationLandscapeLeft UIInterfaceOrientationLandscapeRight";
				LD_RUNPATH_SEARCH_PATHS = (
					"$(inherited)",
					"@executable_path/Frameworks",
				);
				MARKETING_VERSION = 1.0;
				PRODUCT_BUNDLE_IDENTIFIER = com.example.Oliver.RealtorProject;
				PRODUCT_NAME = "$(TARGET_NAME)";
				SWIFT_EMIT_LOC_STRINGS = YES;
				SWIFT_VERSION = 5.0;
				TARGETED_DEVICE_FAMILY = "1,2";
			};
			name = Release;
		};
/* End XCBuildConfiguration section */

/* Begin XCConfigurationList section */
		A7C180B0296CC2150072E90C /* Build configuration list for PBXProject "RealtorProject" */ = {
			isa = XCConfigurationList;
			buildConfigurations = (
				A7C180C7296CC2170072E90C /* Debug */,
				A7C180C8296CC2170072E90C /* Release */,
			);
			defaultConfigurationIsVisible = 0;
			defaultConfigurationName = Release;
		};
		A7C180C9296CC2170072E90C /* Build configuration list for PBXNativeTarget "RealtorProject" */ = {
			isa = XCConfigurationList;
			buildConfigurations = (
				A7C180CA296CC2170072E90C /* Debug */,
				A7C180CB296CC2170072E90C /* Release */,
			);
			defaultConfigurationIsVisible = 0;
			defaultConfigurationName = Release;
		};
/* End XCConfigurationList section */
	};
	rootObject = A7C180AD296CC2150072E90C /* Project object */;
}
